
Microsoft Visual Studio Solution File, Format Version 12.00
# Visual Studio Version 17
VisualStudioVersion = 17.13.35931.197 d17.13
MinimumVisualStudioVersion = 10.0.40219.1
Project("{FAE04EC0-301F-11D3-BF4B-00C04F79EFBC}") = "ApiLetraViva", "ApiLetraViva\ApiLetraViva.csproj", "{2DE9C6B4-A00E-4D7D-A55A-5F9EEE3C7905}"
EndProject
Global
	GlobalSection(SolutionConfigurationPlatforms) = preSolution
		Debug|Any CPU = Debug|Any CPU
		Release|Any CPU = Release|Any CPU
	EndGlobalSection
	GlobalSection(ProjectConfigurationPlatforms) = postSolution
		{2DE9C6B4-A00E-4D7D-A55A-5F9EEE3C7905}.Debug|Any CPU.ActiveCfg = Debug|Any CPU
		{2DE9C6B4-A00E-4D7D-A55A-5F9EEE3C7905}.Debug|Any CPU.Build.0 = Debug|Any CPU
		{2DE9C6B4-A00E-4D7D-A55A-5F9EEE3C7905}.Release|Any CPU.ActiveCfg = Release|Any CPU
		{2DE9C6B4-A00E-4D7D-A55A-5F9EEE3C7905}.Release|Any CPU.Build.0 = Release|Any CPU
	EndGlobalSection
	GlobalSection(SolutionProperties) = preSolution
		HideSolutionNode = FALSE
	EndGlobalSection
	GlobalSection(ExtensibilityGlobals) = postSolution
		SolutionGuid = {9445B4C8-6350-4E1A-A47B-69B1C8CE5DDA}
	EndGlobalSection
EndGlobal
